
Microsoft Visual Studio Solution File, Format Version 12.00
# Visual Studio Version 17
VisualStudioVersion = 17.10.35122.118
MinimumVisualStudioVersion = 10.0.40219.1
Project("{9A19103F-16F7-4668-BE54-9A1E7A4F7556}") = "BlazorApi", "BlazorApi.csproj", "{B740322A-15EB-4DB9-BE7B-F4E217A53D62}"
EndProject
Project("{9A19103F-16F7-4668-BE54-9A1E7A4F7556}") = "SunPro Jobs", "..\SunPro Jobs\SunPro Jobs.csproj", "{C0B5CB19-2859-44C6-94F7-FDE0C8997E91}"
EndProject
Global
	GlobalSection(SolutionConfigurationPlatforms) = preSolution
		Debug|Any CPU = Debug|Any CPU
		Release|Any CPU = Release|Any CPU
	EndGlobalSection
	GlobalSection(ProjectConfigurationPlatforms) = postSolution
		{B740322A-15EB-4DB9-BE7B-F4E217A53D62}.Debug|Any CPU.ActiveCfg = Debug|Any CPU
		{B740322A-15EB-4DB9-BE7B-F4E217A53D62}.Debug|Any CPU.Build.0 = Debug|Any CPU
		{B740322A-15EB-4DB9-BE7B-F4E217A53D62}.Release|Any CPU.ActiveCfg = Release|Any CPU
		{B740322A-15EB-4DB9-BE7B-F4E217A53D62}.Release|Any CPU.Build.0 = Release|Any CPU
		{C0B5CB19-2859-44C6-94F7-FDE0C8997E91}.Debug|Any CPU.ActiveCfg = Debug|Any CPU
		{C0B5CB19-2859-44C6-94F7-FDE0C8997E91}.Debug|Any CPU.Build.0 = Debug|Any CPU
		{C0B5CB19-2859-44C6-94F7-FDE0C8997E91}.Release|Any CPU.ActiveCfg = Release|Any CPU
		{C0B5CB19-2859-44C6-94F7-FDE0C8997E91}.Release|Any CPU.Build.0 = Release|Any CPU
	EndGlobalSection
	GlobalSection(SolutionProperties) = preSolution
		HideSolutionNode = FALSE
	EndGlobalSection
	GlobalSection(ExtensibilityGlobals) = postSolution
		SolutionGuid = {86F40469-769E-4C7A-960D-2D78C30BBD55}
	EndGlobalSection
EndGlobal
